// !$*UTF8*$!
{
	archiveVersion = 1;
	classes = {
	};
	objectVersion = 77;
	objects = {

/* Begin PBXContainerItemProxy section */
		63017C542EB35CEA00C52A62 /* PBXContainerItemProxy */ = {
			isa = PBXContainerItemProxy;
			containerPortal = 63017C312EB35CE900C52A62 /* Project object */;
			proxyType = 1;
			remoteGlobalIDString = 63017C382EB35CE900C52A62;
			remoteInfo = TestTaskGuruApps;
		};
		63017C5E2EB35CEA00C52A62 /* PBXContainerItemProxy */ = {
			isa = PBXContainerItemProxy;
			containerPortal = 63017C312EB35CE900C52A62 /* Project object */;
			proxyType = 1;
			remoteGlobalIDString = 63017C382EB35CE900C52A62;
			remoteInfo = TestTaskGuruApps;
		};
/* End PBXContainerItemProxy section */

/* Begin PBXFileReference section */
		63017C392EB35CE900C52A62 /* TestTaskGuruApps.app */ = {isa = PBXFileReference; explicitFileType = wrapper.application; includeInIndex = 0; path = TestTaskGuruApps.app; sourceTree = BUILT_PRODUCTS_DIR; };
		63017C532EB35CEA00C52A62 /* TestTaskGuruAppsTests.xctest */ = {isa = PBXFileReference; explicitFileType = wrapper.cfbundle; includeInIndex = 0; path = TestTaskGuruAppsTests.xctest; sourceTree = BUILT_PRODUCTS_DIR; };
		63017C5D2EB35CEA00C52A62 /* TestTaskGuruAppsUITests.xctest */ = {isa = PBXFileReference; explicitFileType = wrapper.cfbundle; includeInIndex = 0; path = TestTaskGuruAppsUITests.xctest; sourceTree = BUILT_PRODUCTS_DIR; };
/* End PBXFileReference section */

/* Begin PBXFileSystemSynchronizedBuildFileExceptionSet section */
		63017C652EB35CEA00C52A62 /* Exceptions for "TestTaskGuruApps" folder in "TestTaskGuruApps" target */ = {
			isa = PBXFileSystemSynchronizedBuildFileExceptionSet;
			membershipExceptions = (
				Info.plist,
			);
			target = 63017C382EB35CE900C52A62 /* TestTaskGuruApps */;
		};
/* End PBXFileSystemSynchronizedBuildFileExceptionSet section */

/* Begin PBXFileSystemSynchronizedRootGroup section */
		63017C3B2EB35CE900C52A62 /* TestTaskGuruApps */ = {
			isa = PBXFileSystemSynchronizedRootGroup;
			exceptions = (
				63017C652EB35CEA00C52A62 /* Exceptions for "TestTaskGuruApps" folder in "TestTaskGuruApps" target */,
			);
			path = TestTaskGuruApps;
			sourceTree = "<group>";
		};
		63017C562EB35CEA00C52A62 /* TestTaskGuruAppsTests */ = {
			isa = PBXFileSystemSynchronizedRootGroup;
			path = TestTaskGuruAppsTests;
			sourceTree = "<group>";
		};
		63017C602EB35CEA00C52A62 /* TestTaskGuruAppsUITests */ = {
			isa = PBXFileSystemSynchronizedRootGroup;
			path = TestTaskGuruAppsUITests;
			sourceTree = "<group>";
		};
/* End PBXFileSystemSynchronizedRootGroup section */

/* Begin PBXFrameworksBuildPhase section */
		63017C362EB35CE900C52A62 /* Frameworks */ = {
			isa = PBXFrameworksBuildPhase;
			buildActionMask = 2147483647;
			files = (
			);
			runOnlyForDeploymentPostprocessing = 0;
		};
		63017C502EB35CEA00C52A62 /* Frameworks */ = {
			isa = PBXFrameworksBuildPhase;
			buildActionMask = 2147483647;
			files = (
			);
			runOnlyForDeploymentPostprocessing = 0;
		};
		63017C5A2EB35CEA00C52A62 /* Frameworks */ = {
			isa = PBXFrameworksBuildPhase;
			buildActionMask = 2147483647;
			files = (
			);
			runOnlyForDeploymentPostprocessing = 0;
		};
/* End PBXFrameworksBuildPhase section */

/* Begin PBXGroup section */
		63017C302EB35CE900C52A62 = {
			isa = PBXGroup;
			children = (
				63017C3B2EB35CE900C52A62 /* TestTaskGuruApps */,
				63017C562EB35CEA00C52A62 /* TestTaskGuruAppsTests */,
				63017C602EB35CEA00C52A62 /* TestTaskGuruAppsUITests */,
				63017C3A2EB35CE900C52A62 /* Products */,
			);
			sourceTree = "<group>";
		};
		63017C3A2EB35CE900C52A62 /* Products */ = {
			isa = PBXGroup;
			children = (
				63017C392EB35CE900C52A62 /* TestTaskGuruApps.app */,
				63017C532EB35CEA00C52A62 /* TestTaskGuruAppsTests.xctest */,
				63017C5D2EB35CEA00C52A62 /* TestTaskGuruAppsUITests.xctest */,
			);
			name = Products;
			sourceTree = "<group>";
		};
/* End PBXGroup section */

/* Begin PBXNativeTarget section */
		63017C382EB35CE900C52A62 /* TestTaskGuruApps */ = {
			isa = PBXNativeTarget;
			buildConfigurationList = 63017C662EB35CEA00C52A62 /* Build configuration list for PBXNativeTarget "TestTaskGuruApps" */;
			buildPhases = (
				63017C352EB35CE900C52A62 /* Sources */,
				63017C362EB35CE900C52A62 /* Frameworks */,
				63017C372EB35CE900C52A62 /* Resources */,
			);
			buildRules = (
			);
			dependencies = (
			);
			fileSystemSynchronizedGroups = (
				63017C3B2EB35CE900C52A62 /* TestTaskGuruApps */,
			);
			name = TestTaskGuruApps;
			packageProductDependencies = (
			);
			productName = TestTaskGuruApps;
			productReference = 63017C392EB35CE900C52A62 /* TestTaskGuruApps.app */;
			productType = "com.apple.product-type.application";
		};
		63017C522EB35CEA00C52A62 /* TestTaskGuruAppsTests */ = {
			isa = PBXNativeTarget;
			buildConfigurationList = 63017C6B2EB35CEA00C52A62 /* Build configuration list for PBXNativeTarget "TestTaskGuruAppsTests" */;
			buildPhases = (
				63017C4F2EB35CEA00C52A62 /* Sources */,
				63017C502EB35CEA00C52A62 /* Frameworks */,
				63017C512EB35CEA00C52A62 /* Resources */,
			);
			buildRules = (
			);
			dependencies = (
				63017C552EB35CEA00C52A62 /* PBXTargetDependency */,
			);
			fileSystemSynchronizedGroups = (
				63017C562EB35CEA00C52A62 /* TestTaskGuruAppsTests */,
			);
			name = TestTaskGuruAppsTests;
			packageProductDependencies = (
			);
			productName = TestTaskGuruAppsTests;
			productReference = 63017C532EB35CEA00C52A62 /* TestTaskGuruAppsTests.xctest */;
			productType = "com.apple.product-type.bundle.unit-test";
		};
		63017C5C2EB35CEA00C52A62 /* TestTaskGuruAppsUITests */ = {
			isa = PBXNativeTarget;
			buildConfigurationList = 63017C6E2EB35CEA00C52A62 /* Build configuration list for PBXNativeTarget "TestTaskGuruAppsUITests" */;
			buildPhases = (
				63017C592EB35CEA00C52A62 /* Sources */,
				63017C5A2EB35CEA00C52A62 /* Frameworks */,
				63017C5B2EB35CEA00C52A62 /* Resources */,
			);
			buildRules = (
			);
			dependencies = (
				63017C5F2EB35CEA00C52A62 /* PBXTargetDependency */,
			);
			fileSystemSynchronizedGroups = (
				63017C602EB35CEA00C52A62 /* TestTaskGuruAppsUITests */,
			);
			name = TestTaskGuruAppsUITests;
			packageProductDependencies = (
			);
			productName = TestTaskGuruAppsUITests;
			productReference = 63017C5D2EB35CEA00C52A62 /* TestTaskGuruAppsUITests.xctest */;
			productType = "com.apple.product-type.bundle.ui-testing";
		};
/* End PBXNativeTarget section */

/* Begin PBXProject section */
		63017C312EB35CE900C52A62 /* Project object */ = {
			isa = PBXProject;
			attributes = {
				BuildIndependentTargetsInParallel = 1;
				LastSwiftUpdateCheck = 1620;
				LastUpgradeCheck = 1620;
				TargetAttributes = {
					63017C382EB35CE900C52A62 = {
						CreatedOnToolsVersion = 16.2;
					};
					63017C522EB35CEA00C52A62 = {
						CreatedOnToolsVersion = 16.2;
						TestTargetID = 63017C382EB35CE900C52A62;
					};
					63017C5C2EB35CEA00C52A62 = {
						CreatedOnToolsVersion = 16.2;
						TestTargetID = 63017C382EB35CE900C52A62;
					};
				};
			};
			buildConfigurationList = 63017C342EB35CE900C52A62 /* Build configuration list for PBXProject "TestTaskGuruApps" */;
			developmentRegion = en;
			hasScannedForEncodings = 0;
			knownRegions = (
				en,
				Base,
			);
			mainGroup = 63017C302EB35CE900C52A62;
			minimizedProjectReferenceProxies = 1;
			preferredProjectObjectVersion = 77;
			productRefGroup = 63017C3A2EB35CE900C52A62 /* Products */;
			projectDirPath = "";
			projectRoot = "";
			targets = (
				63017C382EB35CE900C52A62 /* TestTaskGuruApps */,
				63017C522EB35CEA00C52A62 /* TestTaskGuruAppsTests */,
				63017C5C2EB35CEA00C52A62 /* TestTaskGuruAppsUITests */,
			);
		};
/* End PBXProject section */

/* Begin PBXResourcesBuildPhase section */
		63017C372EB35CE900C52A62 /* Resources */ = {
			isa = PBXResourcesBuildPhase;
			buildActionMask = 2147483647;
			files = (
			);
			runOnlyForDeploymentPostprocessing = 0;
		};
		63017C512EB35CEA00C52A62 /* Resources */ = {
			isa = PBXResourcesBuildPhase;
			buildActionMask = 2147483647;
			files = (
			);
			runOnlyForDeploymentPostprocessing = 0;
		};
		63017C5B2EB35CEA00C52A62 /* Resources */ = {
			isa = PBXResourcesBuildPhase;
			buildActionMask = 2147483647;
			files = (
			);
			runOnlyForDeploymentPostprocessing = 0;
		};
/* End PBXResourcesBuildPhase section */

/* Begin PBXSourcesBuildPhase section */
		63017C352EB35CE900C52A62 /* Sources */ = {
			isa = PBXSourcesBuildPhase;
			buildActionMask = 2147483647;
			files = (
			);
			runOnlyForDeploymentPostprocessing = 0;
		};
		63017C4F2EB35CEA00C52A62 /* Sources */ = {
			isa = PBXSourcesBuildPhase;
			buildActionMask = 2147483647;
			files = (
			);
			runOnlyForDeploymentPostprocessing = 0;
		};
		63017C592EB35CEA00C52A62 /* Sources */ = {
			isa = PBXSourcesBuildPhase;
			buildActionMask = 2147483647;
			files = (
			);
			runOnlyForDeploymentPostprocessing = 0;
		};
/* End PBXSourcesBuildPhase section */

/* Begin PBXTargetDependency section */
		63017C552EB35CEA00C52A62 /* PBXTargetDependency */ = {
			isa = PBXTargetDependency;
			target = 63017C382EB35CE900C52A62 /* TestTaskGuruApps */;
			targetProxy = 63017C542EB35CEA00C52A62 /* PBXContainerItemProxy */;
		};
		63017C5F2EB35CEA00C52A62 /* PBXTargetDependency */ = {
			isa = PBXTargetDependency;
			target = 63017C382EB35CE900C52A62 /* TestTaskGuruApps */;
			targetProxy = 63017C5E2EB35CEA00C52A62 /* PBXContainerItemProxy */;
		};
/* End PBXTargetDependency section */

/* Begin XCBuildConfiguration section */
		63017C672EB35CEA00C52A62 /* Debug */ = {
			isa = XCBuildConfiguration;
			buildSettings = {
				ASSETCATALOG_COMPILER_APPICON_NAME = AppIcon;
				ASSETCATALOG_COMPILER_GLOBAL_ACCENT_COLOR_NAME = AccentColor;
				CODE_SIGN_ENTITLEMENTS = TestTaskGuruApps/TestTaskGuruApps.entitlements;
				CODE_SIGN_STYLE = Automatic;
				CURRENT_PROJECT_VERSION = 1;
				DEVELOPMENT_TEAM = 43JJRWSTM6;
				GENERATE_INFOPLIST_FILE = YES;
				INFOPLIST_FILE = TestTaskGuruApps/Info.plist;
				INFOPLIST_KEY_LSApplicationCategoryType = "public.app-category.business";
				INFOPLIST_KEY_UIApplicationSupportsIndirectInputEvents = YES;
				INFOPLIST_KEY_UILaunchStoryboardName = LaunchScreen;
				INFOPLIST_KEY_UIMainStoryboardFile = Main;
				INFOPLIST_KEY_UISupportedInterfaceOrientations = UIInterfaceOrientationPortrait;
				INFOPLIST_KEY_UISupportedInterfaceOrientations_iPad = "UIInterfaceOrientationLandscapeLeft UIInterfaceOrientationLandscapeRight UIInterfaceOrientationPortrait UIInterfaceOrientationPortraitUpsideDown";
				IPHONEOS_DEPLOYMENT_TARGET = 16.0;
				LD_RUNPATH_SEARCH_PATHS = (
					"$(inherited)",
					"@executable_path/Frameworks",
				);
				MARKETING_VERSION = 1.0;
				PRODUCT_BUNDLE_IDENTIFIER = PashchenkoIvan.TestTaskGuruApps;
				PRODUCT_NAME = "$(TARGET_NAME)";
				SUPPORTED_PLATFORMS = "iphoneos iphonesimulator";
				SUPPORTS_MACCATALYST = NO;
				SUPPORTS_MAC_DESIGNED_FOR_IPHONE_IPAD = NO;
				SUPPORTS_XR_DESIGNED_FOR_IPHONE_IPAD = NO;
				SWIFT_EMIT_LOC_STRINGS = YES;
				SWIFT_VERSION = 5.0;
				TARGETED_DEVICE_FAMILY = 1;
			};
			name = Debug;
		};
		63017C682EB35CEA00C52A62 /* Release */ = {
			isa = XCBuildConfiguration;
			buildSettings = {
				ASSETCATALOG_COMPILER_APPICON_NAME = AppIcon;
				ASSETCATALOG_COMPILER_GLOBAL_ACCENT_COLOR_NAME = AccentColor;
				CODE_SIGN_ENTITLEMENTS = TestTaskGuruApps/TestTaskGuruApps.entitlements;
				CODE_SIGN_STYLE = Automatic;
				CURRENT_PROJECT_VERSION = 1;
				DEVELOPMENT_TEAM = 43JJRWSTM6;
				GENERATE_INFOPLIST_FILE = YES;
				INFOPLIST_FILE = TestTaskGuruApps/Info.plist;
				INFOPLIST_KEY_LSApplicationCategoryType = "public.app-category.business";
				INFOPLIST_KEY_UIApplicationSupportsIndirectInputEvents = YES;
				INFOPLIST_KEY_UILaunchStoryboardName = LaunchScreen;
				INFOPLIST_KEY_UIMainStoryboardFile = Main;
				INFOPLIST_KEY_UISupportedInterfaceOrientations = UIInterfaceOrientationPortrait;
				INFOPLIST_KEY_UISupportedInterfaceOrientations_iPad = "UIInterfaceOrientationLandscapeLeft UIInterfaceOrientationLandscapeRight UIInterfaceOrientationPortrait UIInterfaceOrientationPortraitUpsideDown";
				IPHONEOS_DEPLOYMENT_TARGET = 16.0;
				LD_RUNPATH_SEARCH_PATHS = (
					"$(inherited)",
					"@executable_path/Frameworks",
				);
				MARKETING_VERSION = 1.0;
				PRODUCT_BUNDLE_IDENTIFIER = PashchenkoIvan.TestTaskGuruApps;
				PRODUCT_NAME = "$(TARGET_NAME)";
				SUPPORTED_PLATFORMS = "iphoneos iphonesimulator";
				SUPPORTS_MACCATALYST = NO;
				SUPPORTS_MAC_DESIGNED_FOR_IPHONE_IPAD = NO;
				SUPPORTS_XR_DESIGNED_FOR_IPHONE_IPAD = NO;
				SWIFT_EMIT_LOC_STRINGS = YES;
				SWIFT_VERSION = 5.0;
				TARGETED_DEVICE_FAMILY = 1;
			};
			name = Release;
		};
		63017C692EB35CEA00C52A62 /* Debug */ = {
			isa = XCBuildConfiguration;
			buildSettings = {
				ALWAYS_SEARCH_USER_PATHS = NO;
				ASSETCATALOG_COMPILER_GENERATE_SWIFT_ASSET_SYMBOL_EXTENSIONS = YES;
				CLANG_ANALYZER_NONNULL = YES;
				CLANG_ANALYZER_NUMBER_OBJECT_CONVERSION = YES_AGGRESSIVE;
				CLANG_CXX_LANGUAGE_STANDARD = "gnu++20";
				CLANG_ENABLE_MODULES = YES;
				CLANG_ENABLE_OBJC_ARC = YES;
				CLANG_ENABLE_OBJC_WEAK = YES;
				CLANG_WARN_BLOCK_CAPTURE_AUTORELEASING = YES;
				CLANG_WARN_BOOL_CONVERSION = YES;
				CLANG_WARN_COMMA = YES;
				CLANG_WARN_CONSTANT_CONVERSION = YES;
				CLANG_WARN_DEPRECATED_OBJC_IMPLEMENTATIONS = YES;
				CLANG_WARN_DIRECT_OBJC_ISA_USAGE = YES_ERROR;
				CLANG_WARN_DOCUMENTATION_COMMENTS = YES;
				CLANG_WARN_EMPTY_BODY = YES;
				CLANG_WARN_ENUM_CONVERSION = YES;
				CLANG_WARN_INFINITE_RECURSION = YES;
				CLANG_WARN_INT_CONVERSION = YES;
				CLANG_WARN_NON_LITERAL_NULL_CONVERSION = YES;
				CLANG_WARN_OBJC_IMPLICIT_RETAIN_SELF = YES;
				CLANG_WARN_OBJC_LITERAL_CONVERSION = YES;
				CLANG_WARN_OBJC_ROOT_CLASS = YES_ERROR;
				CLANG_WARN_QUOTED_INCLUDE_IN_FRAMEWORK_HEADER = YES;
				CLANG_WARN_RANGE_LOOP_ANALYSIS = YES;
				CLANG_WARN_STRICT_PROTOTYPES = YES;
				CLANG_WARN_SUSPICIOUS_MOVE = YES;
				CLANG_WARN_UNGUARDED_AVAILABILITY = YES_AGGRESSIVE;
				CLANG_WARN_UNREACHABLE_CODE = YES;
				CLANG_WARN__DUPLICATE_METHOD_MATCH = YES;
				COPY_PHASE_STRIP = NO;
				DEBUG_INFORMATION_FORMAT = dwarf;
				ENABLE_STRICT_OBJC_MSGSEND = YES;
				ENABLE_TESTABILITY = YES;
				ENABLE_USER_SCRIPT_SANDBOXING = YES;
				GCC_C_LANGUAGE_STANDARD = gnu17;
				GCC_DYNAMIC_NO_PIC = NO;
				GCC_NO_COMMON_BLOCKS = YES;
				GCC_OPTIMIZATION_LEVEL = 0;
				GCC_PREPROCESSOR_DEFINITIONS = (
					"DEBUG=1",
					"$(inherited)",
				);
				GCC_WARN_64_TO_32_BIT_CONVERSION = YES;
				GCC_WARN_ABOUT_RETURN_TYPE = YES_ERROR;
				GCC_WARN_UNDECLARED_SELECTOR = YES;
				GCC_WARN_UNINITIALIZED_AUTOS = YES_AGGRESSIVE;
				GCC_WARN_UNUSED_FUNCTION = YES;
				GCC_WARN_UNUSED_VARIABLE = YES;
				IPHONEOS_DEPLOYMENT_TARGET = 18.2;
				LOCALIZATION_PREFERS_STRING_CATALOGS = YES;
				MTL_ENABLE_DEBUG_INFO = INCLUDE_SOURCE;
				MTL_FAST_MATH = YES;
				ONLY_ACTIVE_ARCH = YES;
				SDKROOT = iphoneos;
				SWIFT_ACTIVE_COMPILATION_CONDITIONS = "DEBUG $(inherited)";
				SWIFT_OPTIMIZATION_LEVEL = "-Onone";
			};
			name = Debug;
		};
		63017C6A2EB35CEA00C52A62 /* Release */ = {
			isa = XCBuildConfiguration;
			buildSettings = {
				ALWAYS_SEARCH_USER_PATHS = NO;
				ASSETCATALOG_COMPILER_GENERATE_SWIFT_ASSET_SYMBOL_EXTENSIONS = YES;
				CLANG_ANALYZER_NONNULL = YES;
				CLANG_ANALYZER_NUMBER_OBJECT_CONVERSION = YES_AGGRESSIVE;
				CLANG_CXX_LANGUAGE_STANDARD = "gnu++20";
				CLANG_ENABLE_MODULES = YES;
				CLANG_ENABLE_OBJC_ARC = YES;
				CLANG_ENABLE_OBJC_WEAK = YES;
				CLANG_WARN_BLOCK_CAPTURE_AUTORELEASING = YES;
				CLANG_WARN_BOOL_CONVERSION = YES;
				CLANG_WARN_COMMA = YES;
				CLANG_WARN_CONSTANT_CONVERSION = YES;
				CLANG_WARN_DEPRECATED_OBJC_IMPLEMENTATIONS = YES;
				CLANG_WARN_DIRECT_OBJC_ISA_USAGE = YES_ERROR;
				CLANG_WARN_DOCUMENTATION_COMMENTS = YES;
				CLANG_WARN_EMPTY_BODY = YES;
				CLANG_WARN_ENUM_CONVERSION = YES;
				CLANG_WARN_INFINITE_RECURSION = YES;
				CLANG_WARN_INT_CONVERSION = YES;
				CLANG_WARN_NON_LITERAL_NULL_CONVERSION = YES;
				CLANG_WARN_OBJC_IMPLICIT_RETAIN_SELF = YES;
				CLANG_WARN_OBJC_LITERAL_CONVERSION = YES;
				CLANG_WARN_OBJC_ROOT_CLASS = YES_ERROR;
				CLANG_WARN_QUOTED_INCLUDE_IN_FRAMEWORK_HEADER = YES;
				CLANG_WARN_RANGE_LOOP_ANALYSIS = YES;
				CLANG_WARN_STRICT_PROTOTYPES = YES;
				CLANG_WARN_SUSPICIOUS_MOVE = YES;
				CLANG_WARN_UNGUARDED_AVAILABILITY = YES_AGGRESSIVE;
				CLANG_WARN_UNREACHABLE_CODE = YES;
				CLANG_WARN__DUPLICATE_METHOD_MATCH = YES;
				COPY_PHASE_STRIP = NO;
				DEBUG_INFORMATION_FORMAT = "dwarf-with-dsym";
				ENABLE_NS_ASSERTIONS = NO;
				ENABLE_STRICT_OBJC_MSGSEND = YES;
				ENABLE_USER_SCRIPT_SANDBOXING = YES;
				GCC_C_LANGUAGE_STANDARD = gnu17;
				GCC_NO_COMMON_BLOCKS = YES;
				GCC_WARN_64_TO_32_BIT_CONVERSION = YES;
				GCC_WARN_ABOUT_RETURN_TYPE = YES_ERROR;
				GCC_WARN_UNDECLARED_SELECTOR = YES;
				GCC_WARN_UNINITIALIZED_AUTOS = YES_AGGRESSIVE;
				GCC_WARN_UNUSED_FUNCTION = YES;
				GCC_WARN_UNUSED_VARIABLE = YES;
				IPHONEOS_DEPLOYMENT_TARGET = 18.2;
				LOCALIZATION_PREFERS_STRING_CATALOGS = YES;
				MTL_ENABLE_DEBUG_INFO = NO;
				MTL_FAST_MATH = YES;
				SDKROOT = iphoneos;
				SWIFT_COMPILATION_MODE = wholemodule;
				VALIDATE_PRODUCT = YES;
			};
			name = Release;
		};
		63017C6C2EB35CEA00C52A62 /* Debug */ = {
			isa = XCBuildConfiguration;
			buildSettings = {
				BUNDLE_LOADER = "$(TEST_HOST)";
				CODE_SIGN_STYLE = Automatic;
				CURRENT_PROJECT_VERSION = 1;
				DEVELOPMENT_TEAM = 43JJRWSTM6;
				GENERATE_INFOPLIST_FILE = YES;
				IPHONEOS_DEPLOYMENT_TARGET = 18.2;
				MARKETING_VERSION = 1.0;
				PRODUCT_BUNDLE_IDENTIFIER = PashchenkoIvan.TestTaskGuruAppsTests;
				PRODUCT_NAME = "$(TARGET_NAME)";
				SWIFT_EMIT_LOC_STRINGS = NO;
				SWIFT_VERSION = 5.0;
				TARGETED_DEVICE_FAMILY = "1,2";
				TEST_HOST = "$(BUILT_PRODUCTS_DIR)/TestTaskGuruApps.app/$(BUNDLE_EXECUTABLE_FOLDER_PATH)/TestTaskGuruApps";
			};
			name = Debug;
		};
		63017C6D2EB35CEA00C52A62 /* Release */ = {
			isa = XCBuildConfiguration;
			buildSettings = {
				BUNDLE_LOADER = "$(TEST_HOST)";
				CODE_SIGN_STYLE = Automatic;
				CURRENT_PROJECT_VERSION = 1;
				DEVELOPMENT_TEAM = 43JJRWSTM6;
				GENERATE_INFOPLIST_FILE = YES;
				IPHONEOS_DEPLOYMENT_TARGET = 18.2;
				MARKETING_VERSION = 1.0;
				PRODUCT_BUNDLE_IDENTIFIER = PashchenkoIvan.TestTaskGuruAppsTests;
				PRODUCT_NAME = "$(TARGET_NAME)";
				SWIFT_EMIT_LOC_STRINGS = NO;
				SWIFT_VERSION = 5.0;
				TARGETED_DEVICE_FAMILY = "1,2";
				TEST_HOST = "$(BUILT_PRODUCTS_DIR)/TestTaskGuruApps.app/$(BUNDLE_EXECUTABLE_FOLDER_PATH)/TestTaskGuruApps";
			};
			name = Release;
		};
		63017C6F2EB35CEA00C52A62 /* Debug */ = {
			isa = XCBuildConfiguration;
			buildSettings = {
				CODE_SIGN_STYLE = Automatic;
				CURRENT_PROJECT_VERSION = 1;
				DEVELOPMENT_TEAM = 43JJRWSTM6;
				GENERATE_INFOPLIST_FILE = YES;
				MARKETING_VERSION = 1.0;
				PRODUCT_BUNDLE_IDENTIFIER = PashchenkoIvan.TestTaskGuruAppsUITests;
				PRODUCT_NAME = "$(TARGET_NAME)";
				SWIFT_EMIT_LOC_STRINGS = NO;
				SWIFT_VERSION = 5.0;
				TARGETED_DEVICE_FAMILY = "1,2";
				TEST_TARGET_NAME = TestTaskGuruApps;
			};
			name = Debug;
		};
		63017C702EB35CEA00C52A62 /* Release */ = {
			isa = XCBuildConfiguration;
			buildSettings = {
				CODE_SIGN_STYLE = Automatic;
				CURRENT_PROJECT_VERSION = 1;
				DEVELOPMENT_TEAM = 43JJRWSTM6;
				GENERATE_INFOPLIST_FILE = YES;
				MARKETING_VERSION = 1.0;
				PRODUCT_BUNDLE_IDENTIFIER = PashchenkoIvan.TestTaskGuruAppsUITests;
				PRODUCT_NAME = "$(TARGET_NAME)";
				SWIFT_EMIT_LOC_STRINGS = NO;
				SWIFT_VERSION = 5.0;
				TARGETED_DEVICE_FAMILY = "1,2";
				TEST_TARGET_NAME = TestTaskGuruApps;
			};
			name = Release;
		};
/* End XCBuildConfiguration section */

/* Begin XCConfigurationList section */
		63017C342EB35CE900C52A62 /* Build configuration list for PBXProject "TestTaskGuruApps" */ = {
			isa = XCConfigurationList;
			buildConfigurations = (
				63017C692EB35CEA00C52A62 /* Debug */,
				63017C6A2EB35CEA00C52A62 /* Release */,
			);
			defaultConfigurationIsVisible = 0;
			defaultConfigurationName = Release;
		};
		63017C662EB35CEA00C52A62 /* Build configuration list for PBXNativeTarget "TestTaskGuruApps" */ = {
			isa = XCConfigurationList;
			buildConfigurations = (
				63017C672EB35CEA00C52A62 /* Debug */,
				63017C682EB35CEA00C52A62 /* Release */,
			);
			defaultConfigurationIsVisible = 0;
			defaultConfigurationName = Release;
		};
		63017C6B2EB35CEA00C52A62 /* Build configuration list for PBXNativeTarget "TestTaskGuruAppsTests" */ = {
			isa = XCConfigurationList;
			buildConfigurations = (
				63017C6C2EB35CEA00C52A62 /* Debug */,
				63017C6D2EB35CEA00C52A62 /* Release */,
			);
			defaultConfigurationIsVisible = 0;
			defaultConfigurationName = Release;
		};
		63017C6E2EB35CEA00C52A62 /* Build configuration list for PBXNativeTarget "TestTaskGuruAppsUITests" */ = {
			isa = XCConfigurationList;
			buildConfigurations = (
				63017C6F2EB35CEA00C52A62 /* Debug */,
				63017C702EB35CEA00C52A62 /* Release */,
			);
			defaultConfigurationIsVisible = 0;
			defaultConfigurationName = Release;
		};
/* End XCConfigurationList section */
	};
	rootObject = 63017C312EB35CE900C52A62 /* Project object */;
}
